
Microsoft Visual Studio Solution File, Format Version 12.00
# Visual Studio Version 17
VisualStudioVersion = 17.8.34525.116
MinimumVisualStudioVersion = 10.0.40219.1
Project("{9A19103F-16F7-4668-BE54-9A1E7A4F7556}") = "WinFormsLibrary", "WinFormsLibrary\WinFormsLibrary.csproj", "{A86CE40F-4A43-4C3C-8D54-F49AAC5A40CF}"
EndProject
Project("{FAE04EC0-301F-11D3-BF4B-00C04F79EFBC}") = "WinFormsLibrary_V2", "WinFormsLibrary_V2\WinFormsLibrary_V2.csproj", "{8A17BA9B-C6E1-446E-9B53-6F756E550692}"
EndProject
Project("{FAE04EC0-301F-11D3-BF4B-00C04F79EFBC}") = "WinFormsLibrary-V2", "WinFormsLibrary-V2\WinFormsLibrary-V2.csproj", "{97E845F1-21D1-4535-BBEA-9E25A24FBC90}"
EndProject
Global
	GlobalSection(SolutionConfigurationPlatforms) = preSolution
		Debug|Any CPU = Debug|Any CPU
		Release|Any CPU = Release|Any CPU
	EndGlobalSection
	GlobalSection(ProjectConfigurationPlatforms) = postSolution
		{A86CE40F-4A43-4C3C-8D54-F49AAC5A40CF}.Debug|Any CPU.ActiveCfg = Debug|Any CPU
		{A86CE40F-4A43-4C3C-8D54-F49AAC5A40CF}.Debug|Any CPU.Build.0 = Debug|Any CPU
		{A86CE40F-4A43-4C3C-8D54-F49AAC5A40CF}.Release|Any CPU.ActiveCfg = Release|Any CPU
		{A86CE40F-4A43-4C3C-8D54-F49AAC5A40CF}.Release|Any CPU.Build.0 = Release|Any CPU
		{8A17BA9B-C6E1-446E-9B53-6F756E550692}.Debug|Any CPU.ActiveCfg = Debug|Any CPU
		{8A17BA9B-C6E1-446E-9B53-6F756E550692}.Debug|Any CPU.Build.0 = Debug|Any CPU
		{8A17BA9B-C6E1-446E-9B53-6F756E550692}.Release|Any CPU.ActiveCfg = Release|Any CPU
		{8A17BA9B-C6E1-446E-9B53-6F756E550692}.Release|Any CPU.Build.0 = Release|Any CPU
		{97E845F1-21D1-4535-BBEA-9E25A24FBC90}.Debug|Any CPU.ActiveCfg = Debug|Any CPU
		{97E845F1-21D1-4535-BBEA-9E25A24FBC90}.Debug|Any CPU.Build.0 = Debug|Any CPU
		{97E845F1-21D1-4535-BBEA-9E25A24FBC90}.Release|Any CPU.ActiveCfg = Release|Any CPU
		{97E845F1-21D1-4535-BBEA-9E25A24FBC90}.Release|Any CPU.Build.0 = Release|Any CPU
	EndGlobalSection
	GlobalSection(SolutionProperties) = preSolution
		HideSolutionNode = FALSE
	EndGlobalSection
	GlobalSection(ExtensibilityGlobals) = postSolution
		SolutionGuid = {14CF365E-4D69-4F10-A133-FAD9F30F81F9}
	EndGlobalSection
EndGlobal
