
Microsoft Visual Studio Solution File, Format Version 12.00
# Visual Studio Version 17
VisualStudioVersion = 17.9.34622.214
MinimumVisualStudioVersion = 10.0.40219.1
Project("{9A19103F-16F7-4668-BE54-9A1E7A4F7556}") = "CounterApp", "CounterApp.csproj", "{EF8764BF-0D95-4910-8EAF-1DE957E0437B}"
EndProject
Global
	GlobalSection(SolutionConfigurationPlatforms) = preSolution
		Debug|Any CPU = Debug|Any CPU
		Release|Any CPU = Release|Any CPU
	EndGlobalSection
	GlobalSection(ProjectConfigurationPlatforms) = postSolution
		{EF8764BF-0D95-4910-8EAF-1DE957E0437B}.Debug|Any CPU.ActiveCfg = Debug|Any CPU
		{EF8764BF-0D95-4910-8EAF-1DE957E0437B}.Debug|Any CPU.Build.0 = Debug|Any CPU
		{EF8764BF-0D95-4910-8EAF-1DE957E0437B}.Release|Any CPU.ActiveCfg = Release|Any CPU
		{EF8764BF-0D95-4910-8EAF-1DE957E0437B}.Release|Any CPU.Build.0 = Release|Any CPU
	EndGlobalSection
	GlobalSection(SolutionProperties) = preSolution
		HideSolutionNode = FALSE
	EndGlobalSection
	GlobalSection(ExtensibilityGlobals) = postSolution
		SolutionGuid = {7FEC2FA0-4397-4596-B625-BDC8968B06DC}
	EndGlobalSection
EndGlobal
